// !$*UTF8*$!
{
	archiveVersion = 1;
	classes = {
	};
	objectVersion = 50;
	objects = {

/* Begin PBXBuildFile section */
		46EF15A5216F2F7B00F9E0CF /* AppDelegate.swift in Sources */ = {isa = PBXBuildFile; fileRef = 46EF15A4216F2F7B00F9E0CF /* AppDelegate.swift */; };
		46EF15A7216F2F7B00F9E0CF /* ViewController.swift in Sources */ = {isa = PBXBuildFile; fileRef = 46EF15A6216F2F7B00F9E0CF /* ViewController.swift */; };
		46EF15AA216F2F7B00F9E0CF /* Main.storyboard in Resources */ = {isa = PBXBuildFile; fileRef = 46EF15A8216F2F7B00F9E0CF /* Main.storyboard */; };
		46EF15AD216F2F7B00F9E0CF /* launchSwift.xcdatamodeld in Sources */ = {isa = PBXBuildFile; fileRef = 46EF15AB216F2F7B00F9E0CF /* launchSwift.xcdatamodeld */; };
		46EF15AF216F2F7C00F9E0CF /* Assets.xcassets in Resources */ = {isa = PBXBuildFile; fileRef = 46EF15AE216F2F7C00F9E0CF /* Assets.xcassets */; };
		46EF15B2216F2F7C00F9E0CF /* LaunchScreen.storyboard in Resources */ = {isa = PBXBuildFile; fileRef = 46EF15B0216F2F7C00F9E0CF /* LaunchScreen.storyboard */; };
		46EF15BD216F2F7C00F9E0CF /* launchSwiftTests.swift in Sources */ = {isa = PBXBuildFile; fileRef = 46EF15BC216F2F7C00F9E0CF /* launchSwiftTests.swift */; };
		46EF15C8216F2F7C00F9E0CF /* launchSwiftUITests.swift in Sources */ = {isa = PBXBuildFile; fileRef = 46EF15C7216F2F7C00F9E0CF /* launchSwiftUITests.swift */; };
/* End PBXBuildFile section */

/* Begin PBXContainerItemProxy section */
		46EF15B9216F2F7C00F9E0CF /* PBXContainerItemProxy */ = {
			isa = PBXContainerItemProxy;
			containerPortal = 46EF1599216F2F7B00F9E0CF /* Project object */;
			proxyType = 1;
			remoteGlobalIDString = 46EF15A0216F2F7B00F9E0CF;
			remoteInfo = launchSwift;
		};
		46EF15C4216F2F7C00F9E0CF /* PBXContainerItemProxy */ = {
			isa = PBXContainerItemProxy;
			containerPortal = 46EF1599216F2F7B00F9E0CF /* Project object */;
			proxyType = 1;
			remoteGlobalIDString = 46EF15A0216F2F7B00F9E0CF;
			remoteInfo = launchSwift;
		};
/* End PBXContainerItemProxy section */

/* Begin PBXFileReference section */
		46EF15A1216F2F7B00F9E0CF /* launchSwift.app */ = {isa = PBXFileReference; explicitFileType = wrapper.application; includeInIndex = 0; path = launchSwift.app; sourceTree = BUILT_PRODUCTS_DIR; };
		46EF15A4216F2F7B00F9E0CF /* AppDelegate.swift */ = {isa = PBXFileReference; lastKnownFileType = sourcecode.swift; path = AppDelegate.swift; sourceTree = "<group>"; };
		46EF15A6216F2F7B00F9E0CF /* ViewController.swift */ = {isa = PBXFileReference; lastKnownFileType = sourcecode.swift; path = ViewController.swift; sourceTree = "<group>"; };
		46EF15A9216F2F7B00F9E0CF /* Base */ = {isa = PBXFileReference; lastKnownFileType = file.storyboard; name = Base; path = Base.lproj/Main.storyboard; sourceTree = "<group>"; };
		46EF15AC216F2F7B00F9E0CF /* launchSwift.xcdatamodel */ = {isa = PBXFileReference; lastKnownFileType = wrapper.xcdatamodel; path = launchSwift.xcdatamodel; sourceTree = "<group>"; };
		46EF15AE216F2F7C00F9E0CF /* Assets.xcassets */ = {isa = PBXFileReference; lastKnownFileType = folder.assetcatalog; path = Assets.xcassets; sourceTree = "<group>"; };
		46EF15B1216F2F7C00F9E0CF /* Base */ = {isa = PBXFileReference; lastKnownFileType = file.storyboard; name = Base; path = Base.lproj/LaunchScreen.storyboard; sourceTree = "<group>"; };
		46EF15B3216F2F7C00F9E0CF /* Info.plist */ = {isa = PBXFileReference; lastKnownFileType = text.plist.xml; path = Info.plist; sourceTree = "<group>"; };
		46EF15B8216F2F7C00F9E0CF /* launchSwiftTests.xctest */ = {isa = PBXFileReference; explicitFileType = wrapper.cfbundle; includeInIndex = 0; path = launchSwiftTests.xctest; sourceTree = BUILT_PRODUCTS_DIR; };
		46EF15BC216F2F7C00F9E0CF /* launchSwiftTests.swift */ = {isa = PBXFileReference; lastKnownFileType = sourcecode.swift; path = launchSwiftTests.swift; sourceTree = "<group>"; };
		46EF15BE216F2F7C00F9E0CF /* Info.plist */ = {isa = PBXFileReference; lastKnownFileType = text.plist.xml; path = Info.plist; sourceTree = "<group>"; };
		46EF15C3216F2F7C00F9E0CF /* launchSwiftUITests.xctest */ = {isa = PBXFileReference; explicitFileType = wrapper.cfbundle; includeInIndex = 0; path = launchSwiftUITests.xctest; sourceTree = BUILT_PRODUCTS_DIR; };
		46EF15C7216F2F7C00F9E0CF /* launchSwiftUITests.swift */ = {isa = PBXFileReference; lastKnownFileType = sourcecode.swift; path = launchSwiftUITests.swift; sourceTree = "<group>"; };
		46EF15C9216F2F7C00F9E0CF /* Info.plist */ = {isa = PBXFileReference; lastKnownFileType = text.plist.xml; path = Info.plist; sourceTree = "<group>"; };
/* End PBXFileReference section */

/* Begin PBXFrameworksBuildPhase section */
		46EF159E216F2F7B00F9E0CF /* Frameworks */ = {
			isa = PBXFrameworksBuildPhase;
			buildActionMask = 2147483647;
			files = (
			);
			runOnlyForDeploymentPostprocessing = 0;
		};
		46EF15B5216F2F7C00F9E0CF /* Frameworks */ = {
			isa = PBXFrameworksBuildPhase;
			buildActionMask = 2147483647;
			files = (
			);
			runOnlyForDeploymentPostprocessing = 0;
		};
		46EF15C0216F2F7C00F9E0CF /* Frameworks */ = {
			isa = PBXFrameworksBuildPhase;
			buildActionMask = 2147483647;
			files = (
			);
			runOnlyForDeploymentPostprocessing = 0;
		};
/* End PBXFrameworksBuildPhase section */

/* Begin PBXGroup section */
		46EF1598216F2F7B00F9E0CF = {
			isa = PBXGroup;
			children = (
				46EF15A3216F2F7B00F9E0CF /* launchSwift */,
				46EF15BB216F2F7C00F9E0CF /* launchSwiftTests */,
				46EF15C6216F2F7C00F9E0CF /* launchSwiftUITests */,
				46EF15A2216F2F7B00F9E0CF /* Products */,
			);
			sourceTree = "<group>";
		};
		46EF15A2216F2F7B00F9E0CF /* Products */ = {
			isa = PBXGroup;
			children = (
				46EF15A1216F2F7B00F9E0CF /* launchSwift.app */,
				46EF15B8216F2F7C00F9E0CF /* launchSwiftTests.xctest */,
				46EF15C3216F2F7C00F9E0CF /* launchSwiftUITests.xctest */,
			);
			name = Products;
			sourceTree = "<group>";
		};
		46EF15A3216F2F7B00F9E0CF /* launchSwift */ = {
			isa = PBXGroup;
			children = (
				46EF15A4216F2F7B00F9E0CF /* AppDelegate.swift */,
				46EF15A6216F2F7B00F9E0CF /* ViewController.swift */,
				46EF15A8216F2F7B00F9E0CF /* Main.storyboard */,
				46EF15AE216F2F7C00F9E0CF /* Assets.xcassets */,
				46EF15B0216F2F7C00F9E0CF /* LaunchScreen.storyboard */,
				46EF15B3216F2F7C00F9E0CF /* Info.plist */,
				46EF15AB216F2F7B00F9E0CF /* launchSwift.xcdatamodeld */,
			);
			path = launchSwift;
			sourceTree = "<group>";
		};
		46EF15BB216F2F7C00F9E0CF /* launchSwiftTests */ = {
			isa = PBXGroup;
			children = (
				46EF15BC216F2F7C00F9E0CF /* launchSwiftTests.swift */,
				46EF15BE216F2F7C00F9E0CF /* Info.plist */,
			);
			path = launchSwiftTests;
			sourceTree = "<group>";
		};
		46EF15C6216F2F7C00F9E0CF /* launchSwiftUITests */ = {
			isa = PBXGroup;
			children = (
				46EF15C7216F2F7C00F9E0CF /* launchSwiftUITests.swift */,
				46EF15C9216F2F7C00F9E0CF /* Info.plist */,
			);
			path = launchSwiftUITests;
			sourceTree = "<group>";
		};
/* End PBXGroup section */

/* Begin PBXNativeTarget section */
		46EF15A0216F2F7B00F9E0CF /* launchSwift */ = {
			isa = PBXNativeTarget;
			buildConfigurationList = 46EF15CC216F2F7C00F9E0CF /* Build configuration list for PBXNativeTarget "launchSwift" */;
			buildPhases = (
				46EF159D216F2F7B00F9E0CF /* Sources */,
				46EF159E216F2F7B00F9E0CF /* Frameworks */,
				46EF159F216F2F7B00F9E0CF /* Resources */,
			);
			buildRules = (
			);
			dependencies = (
			);
			name = launchSwift;
			productName = launchSwift;
			productReference = 46EF15A1216F2F7B00F9E0CF /* launchSwift.app */;
			productType = "com.apple.product-type.application";
		};
		46EF15B7216F2F7C00F9E0CF /* launchSwiftTests */ = {
			isa = PBXNativeTarget;
			buildConfigurationList = 46EF15CF216F2F7C00F9E0CF /* Build configuration list for PBXNativeTarget "launchSwiftTests" */;
			buildPhases = (
				46EF15B4216F2F7C00F9E0CF /* Sources */,
				46EF15B5216F2F7C00F9E0CF /* Frameworks */,
				46EF15B6216F2F7C00F9E0CF /* Resources */,
			);
			buildRules = (
			);
			dependencies = (
				46EF15BA216F2F7C00F9E0CF /* PBXTargetDependency */,
			);
			name = launchSwiftTests;
			productName = launchSwiftTests;
			productReference = 46EF15B8216F2F7C00F9E0CF /* launchSwiftTests.xctest */;
			productType = "com.apple.product-type.bundle.unit-test";
		};
		46EF15C2216F2F7C00F9E0CF /* launchSwiftUITests */ = {
			isa = PBXNativeTarget;
			buildConfigurationList = 46EF15D2216F2F7C00F9E0CF /* Build configuration list for PBXNativeTarget "launchSwiftUITests" */;
			buildPhases = (
				46EF15BF216F2F7C00F9E0CF /* Sources */,
				46EF15C0216F2F7C00F9E0CF /* Frameworks */,
				46EF15C1216F2F7C00F9E0CF /* Resources */,
			);
			buildRules = (
			);
			dependencies = (
				46EF15C5216F2F7C00F9E0CF /* PBXTargetDependency */,
			);
			name = launchSwiftUITests;
			productName = launchSwiftUITests;
			productReference = 46EF15C3216F2F7C00F9E0CF /* launchSwiftUITests.xctest */;
			productType = "com.apple.product-type.bundle.ui-testing";
		};
/* End PBXNativeTarget section */

/* Begin PBXProject section */
		46EF1599216F2F7B00F9E0CF /* Project object */ = {
			isa = PBXProject;
			attributes = {
				LastSwiftUpdateCheck = 1000;
				LastUpgradeCheck = 1000;
				ORGANIZATIONNAME = maizi;
				TargetAttributes = {
					46EF15A0216F2F7B00F9E0CF = {
						CreatedOnToolsVersion = 10.0;
					};
					46EF15B7216F2F7C00F9E0CF = {
						CreatedOnToolsVersion = 10.0;
						TestTargetID = 46EF15A0216F2F7B00F9E0CF;
					};
					46EF15C2216F2F7C00F9E0CF = {
						CreatedOnToolsVersion = 10.0;
						TestTargetID = 46EF15A0216F2F7B00F9E0CF;
					};
				};
			};
			buildConfigurationList = 46EF159C216F2F7B00F9E0CF /* Build configuration list for PBXProject "launchSwift" */;
			compatibilityVersion = "Xcode 9.3";
			developmentRegion = en;
			hasScannedForEncodings = 0;
			knownRegions = (
				en,
				Base,
			);
			mainGroup = 46EF1598216F2F7B00F9E0CF;
			productRefGroup = 46EF15A2216F2F7B00F9E0CF /* Products */;
			projectDirPath = "";
			projectRoot = "";
			targets = (
				46EF15A0216F2F7B00F9E0CF /* launchSwift */,
				46EF15B7216F2F7C00F9E0CF /* launchSwiftTests */,
				46EF15C2216F2F7C00F9E0CF /* launchSwiftUITests */,
			);
		};
/* End PBXProject section */

/* Begin PBXResourcesBuildPhase section */
		46EF159F216F2F7B00F9E0CF /* Resources */ = {
			isa = PBXResourcesBuildPhase;
			buildActionMask = 2147483647;
			files = (
				46EF15B2216F2F7C00F9E0CF /* LaunchScreen.storyboard in Resources */,
				46EF15AF216F2F7C00F9E0CF /* Assets.xcassets in Resources */,
				46EF15AA216F2F7B00F9E0CF /* Main.storyboard in Resources */,
			);
			runOnlyForDeploymentPostprocessing = 0;
		};
		46EF15B6216F2F7C00F9E0CF /* Resources */ = {
			isa = PBXResourcesBuildPhase;
			buildActionMask = 2147483647;
			files = (
			);
			runOnlyForDeploymentPostprocessing = 0;
		};
		46EF15C1216F2F7C00F9E0CF /* Resources */ = {
			isa = PBXResourcesBuildPhase;
			buildActionMask = 2147483647;
			files = (
			);
			runOnlyForDeploymentPostprocessing = 0;
		};
/* End PBXResourcesBuildPhase section */

/* Begin PBXSourcesBuildPhase section */
		46EF159D216F2F7B00F9E0CF /* Sources */ = {
			isa = PBXSourcesBuildPhase;
			buildActionMask = 2147483647;
			files = (
				46EF15AD216F2F7B00F9E0CF /* launchSwift.xcdatamodeld in Sources */,
				46EF15A7216F2F7B00F9E0CF /* ViewController.swift in Sources */,
				46EF15A5216F2F7B00F9E0CF /* AppDelegate.swift in Sources */,
			);
			runOnlyForDeploymentPostprocessing = 0;
		};
		46EF15B4216F2F7C00F9E0CF /* Sources */ = {
			isa = PBXSourcesBuildPhase;
			buildActionMask = 2147483647;
			files = (
				46EF15BD216F2F7C00F9E0CF /* launchSwiftTests.swift in Sources */,
			);
			runOnlyForDeploymentPostprocessing = 0;
		};
		46EF15BF216F2F7C00F9E0CF /* Sources */ = {
			isa = PBXSourcesBuildPhase;
			buildActionMask = 2147483647;
			files = (
				46EF15C8216F2F7C00F9E0CF /* launchSwiftUITests.swift in Sources */,
			);
			runOnlyForDeploymentPostprocessing = 0;
		};
/* End PBXSourcesBuildPhase section */

/* Begin PBXTargetDependency section */
		46EF15BA216F2F7C00F9E0CF /* PBXTargetDependency */ = {
			isa = PBXTargetDependency;
			target = 46EF15A0216F2F7B00F9E0CF /* launchSwift */;
			targetProxy = 46EF15B9216F2F7C00F9E0CF /* PBXContainerItemProxy */;
		};
		46EF15C5216F2F7C00F9E0CF /* PBXTargetDependency */ = {
			isa = PBXTargetDependency;
			target = 46EF15A0216F2F7B00F9E0CF /* launchSwift */;
			targetProxy = 46EF15C4216F2F7C00F9E0CF /* PBXContainerItemProxy */;
		};
/* End PBXTargetDependency section */

/* Begin PBXVariantGroup section */
		46EF15A8216F2F7B00F9E0CF /* Main.storyboard */ = {
			isa = PBXVariantGroup;
			children = (
				46EF15A9216F2F7B00F9E0CF /* Base */,
			);
			name = Main.storyboard;
			sourceTree = "<group>";
		};
		46EF15B0216F2F7C00F9E0CF /* LaunchScreen.storyboard */ = {
			isa = PBXVariantGroup;
			children = (
				46EF15B1216F2F7C00F9E0CF /* Base */,
			);
			name = LaunchScreen.storyboard;
			sourceTree = "<group>";
		};
/* End PBXVariantGroup section */

/* Begin XCBuildConfiguration section */
		46EF15CA216F2F7C00F9E0CF /* Debug */ = {
			isa = XCBuildConfiguration;
			buildSettings = {
				ALWAYS_SEARCH_USER_PATHS = NO;
				CLANG_ANALYZER_NONNULL = YES;
				CLANG_ANALYZER_NUMBER_OBJECT_CONVERSION = YES_AGGRESSIVE;
				CLANG_CXX_LANGUAGE_STANDARD = "gnu++14";
				CLANG_CXX_LIBRARY = "libc++";
				CLANG_ENABLE_MODULES = YES;
				CLANG_ENABLE_OBJC_ARC = YES;
				CLANG_ENABLE_OBJC_WEAK = YES;
				CLANG_WARN_BLOCK_CAPTURE_AUTORELEASING = YES;
				CLANG_WARN_BOOL_CONVERSION = YES;
				CLANG_WARN_COMMA = YES;
				CLANG_WARN_CONSTANT_CONVERSION = YES;
				CLANG_WARN_DEPRECATED_OBJC_IMPLEMENTATIONS = YES;
				CLANG_WARN_DIRECT_OBJC_ISA_USAGE = YES_ERROR;
				CLANG_WARN_DOCUMENTATION_COMMENTS = YES;
				CLANG_WARN_EMPTY_BODY = YES;
				CLANG_WARN_ENUM_CONVERSION = YES;
				CLANG_WARN_INFINITE_RECURSION = YES;
				CLANG_WARN_INT_CONVERSION = YES;
				CLANG_WARN_NON_LITERAL_NULL_CONVERSION = YES;
				CLANG_WARN_OBJC_IMPLICIT_RETAIN_SELF = YES;
				CLANG_WARN_OBJC_LITERAL_CONVERSION = YES;
				CLANG_WARN_OBJC_ROOT_CLASS = YES_ERROR;
				CLANG_WARN_RANGE_LOOP_ANALYSIS = YES;
				CLANG_WARN_STRICT_PROTOTYPES = YES;
				CLANG_WARN_SUSPICIOUS_MOVE = YES;
				CLANG_WARN_UNGUARDED_AVAILABILITY = YES_AGGRESSIVE;
				CLANG_WARN_UNREACHABLE_CODE = YES;
				CLANG_WARN__DUPLICATE_METHOD_MATCH = YES;
				CODE_SIGN_IDENTITY = "iPhone Developer";
				COPY_PHASE_STRIP = NO;
				DEBUG_INFORMATION_FORMAT = dwarf;
				ENABLE_STRICT_OBJC_MSGSEND = YES;
				ENABLE_TESTABILITY = YES;
				GCC_C_LANGUAGE_STANDARD = gnu11;
				GCC_DYNAMIC_NO_PIC = NO;
				GCC_NO_COMMON_BLOCKS = YES;
				GCC_OPTIMIZATION_LEVEL = 0;
				GCC_PREPROCESSOR_DEFINITIONS = (
					"DEBUG=1",
					"$(inherited)",
				);
				GCC_WARN_64_TO_32_BIT_CONVERSION = YES;
				GCC_WARN_ABOUT_RETURN_TYPE = YES_ERROR;
				GCC_WARN_UNDECLARED_SELECTOR = YES;
				GCC_WARN_UNINITIALIZED_AUTOS = YES_AGGRESSIVE;
				GCC_WARN_UNUSED_FUNCTION = YES;
				GCC_WARN_UNUSED_VARIABLE = YES;
				IPHONEOS_DEPLOYMENT_TARGET = 12.0;
				MTL_ENABLE_DEBUG_INFO = INCLUDE_SOURCE;
				MTL_FAST_MATH = YES;
				ONLY_ACTIVE_ARCH = YES;
				SDKROOT = iphoneos;
				SWIFT_ACTIVE_COMPILATION_CONDITIONS = DEBUG;
				SWIFT_OPTIMIZATION_LEVEL = "-Onone";
			};
			name = Debug;
		};
		46EF15CB216F2F7C00F9E0CF /* Release */ = {
			isa = XCBuildConfiguration;
			buildSettings = {
				ALWAYS_SEARCH_USER_PATHS = NO;
				CLANG_ANALYZER_NONNULL = YES;
				CLANG_ANALYZER_NUMBER_OBJECT_CONVERSION = YES_AGGRESSIVE;
				CLANG_CXX_LANGUAGE_STANDARD = "gnu++14";
				CLANG_CXX_LIBRARY = "libc++";
				CLANG_ENABLE_MODULES = YES;
				CLANG_ENABLE_OBJC_ARC = YES;
				CLANG_ENABLE_OBJC_WEAK = YES;
				CLANG_WARN_BLOCK_CAPTURE_AUTORELEASING = YES;
				CLANG_WARN_BOOL_CONVERSION = YES;
				CLANG_WARN_COMMA = YES;
				CLANG_WARN_CONSTANT_CONVERSION = YES;
				CLANG_WARN_DEPRECATED_OBJC_IMPLEMENTATIONS = YES;
				CLANG_WARN_DIRECT_OBJC_ISA_USAGE = YES_ERROR;
				CLANG_WARN_DOCUMENTATION_COMMENTS = YES;
				CLANG_WARN_EMPTY_BODY = YES;
				CLANG_WARN_ENUM_CONVERSION = YES;
				CLANG_WARN_INFINITE_RECURSION = YES;
				CLANG_WARN_INT_CONVERSION = YES;
				CLANG_WARN_NON_LITERAL_NULL_CONVERSION = YES;
				CLANG_WARN_OBJC_IMPLICIT_RETAIN_SELF = YES;
				CLANG_WARN_OBJC_LITERAL_CONVERSION = YES;
				CLANG_WARN_OBJC_ROOT_CLASS = YES_ERROR;
				CLANG_WARN_RANGE_LOOP_ANALYSIS = YES;
				CLANG_WARN_STRICT_PROTOTYPES = YES;
				CLANG_WARN_SUSPICIOUS_MOVE = YES;
				CLANG_WARN_UNGUARDED_AVAILABILITY = YES_AGGRESSIVE;
				CLANG_WARN_UNREACHABLE_CODE = YES;
				CLANG_WARN__DUPLICATE_METHOD_MATCH = YES;
				CODE_SIGN_IDENTITY = "iPhone Developer";
				COPY_PHASE_STRIP = NO;
				DEBUG_INFORMATION_FORMAT = "dwarf-with-dsym";
				ENABLE_NS_ASSERTIONS = NO;
				ENABLE_STRICT_OBJC_MSGSEND = YES;
				GCC_C_LANGUAGE_STANDARD = gnu11;
				GCC_NO_COMMON_BLOCKS = YES;
				GCC_WARN_64_TO_32_BIT_CONVERSION = YES;
				GCC_WARN_ABOUT_RETURN_TYPE = YES_ERROR;
				GCC_WARN_UNDECLARED_SELECTOR = YES;
				GCC_WARN_UNINITIALIZED_AUTOS = YES_AGGRESSIVE;
				GCC_WARN_UNUSED_FUNCTION = YES;
				GCC_WARN_UNUSED_VARIABLE = YES;
				IPHONEOS_DEPLOYMENT_TARGET = 12.0;
				MTL_ENABLE_DEBUG_INFO = NO;
				MTL_FAST_MATH = YES;
				SDKROOT = iphoneos;
				SWIFT_COMPILATION_MODE = wholemodule;
				SWIFT_OPTIMIZATION_LEVEL = "-O";
				VALIDATE_PRODUCT = YES;
			};
			name = Release;
		};
		46EF15CD216F2F7C00F9E0CF /* Debug */ = {
			isa = XCBuildConfiguration;
			buildSettings = {
				ASSETCATALOG_COMPILER_APPICON_NAME = AppIcon;
				CODE_SIGN_STYLE = Automatic;
				DEVELOPMENT_TEAM = A2Q3FA8KGK;
				INFOPLIST_FILE = launchSwift/Info.plist;
				IPHONEOS_DEPLOYMENT_TARGET = 10.0;
				LD_RUNPATH_SEARCH_PATHS = (
					"$(inherited)",
					"@executable_path/Frameworks",
				);
				PRODUCT_BUNDLE_IDENTIFIER = com.maizi.launchSwift.launchSwift;
				PRODUCT_NAME = "$(TARGET_NAME)";
				SWIFT_VERSION = 4.2;
				TARGETED_DEVICE_FAMILY = "1,2";
			};
			name = Debug;
		};
		46EF15CE216F2F7C00F9E0CF /* Release */ = {
			isa = XCBuildConfiguration;
			buildSettings = {
				ASSETCATALOG_COMPILER_APPICON_NAME = AppIcon;
				CODE_SIGN_STYLE = Automatic;
				DEVELOPMENT_TEAM = A2Q3FA8KGK;
				INFOPLIST_FILE = launchSwift/Info.plist;
				IPHONEOS_DEPLOYMENT_TARGET = 10.0;
				LD_RUNPATH_SEARCH_PATHS = (
					"$(inherited)",
					"@executable_path/Frameworks",
				);
				PRODUCT_BUNDLE_IDENTIFIER = com.maizi.launchSwift.launchSwift;
				PRODUCT_NAME = "$(TARGET_NAME)";
				SWIFT_VERSION = 4.2;
				TARGETED_DEVICE_FAMILY = "1,2";
			};
			name = Release;
		};
		46EF15D0216F2F7C00F9E0CF /* Debug */ = {
			isa = XCBuildConfiguration;
			buildSettings = {
				ALWAYS_EMBED_SWIFT_STANDARD_LIBRARIES = YES;
				BUNDLE_LOADER = "$(TEST_HOST)";
				CODE_SIGN_STYLE = Automatic;
				DEVELOPMENT_TEAM = A2Q3FA8KGK;
				INFOPLIST_FILE = launchSwiftTests/Info.plist;
				LD_RUNPATH_SEARCH_PATHS = (
					"$(inherited)",
					"@executable_path/Frameworks",
					"@loader_path/Frameworks",
				);
				PRODUCT_BUNDLE_IDENTIFIER = com.maizi.launchSwift.launchSwiftTests;
				PRODUCT_NAME = "$(TARGET_NAME)";
				SWIFT_VERSION = 4.2;
				TARGETED_DEVICE_FAMILY = "1,2";
				TEST_HOST = "$(BUILT_PRODUCTS_DIR)/launchSwift.app/launchSwift";
			};
			name = Debug;
		};
		46EF15D1216F2F7C00F9E0CF /* Release */ = {
			isa = XCBuildConfiguration;
			buildSettings = {
				ALWAYS_EMBED_SWIFT_STANDARD_LIBRARIES = YES;
				BUNDLE_LOADER = "$(TEST_HOST)";
				CODE_SIGN_STYLE = Automatic;
				DEVELOPMENT_TEAM = A2Q3FA8KGK;
				INFOPLIST_FILE = launchSwiftTests/Info.plist;
				LD_RUNPATH_SEARCH_PATHS = (
					"$(inherited)",
					"@executable_path/Frameworks",
					"@loader_path/Frameworks",
				);
				PRODUCT_BUNDLE_IDENTIFIER = com.maizi.launchSwift.launchSwiftTests;
				PRODUCT_NAME = "$(TARGET_NAME)";
				SWIFT_VERSION = 4.2;
				TARGETED_DEVICE_FAMILY = "1,2";
				TEST_HOST = "$(BUILT_PRODUCTS_DIR)/launchSwift.app/launchSwift";
			};
			name = Release;
		};
		46EF15D3216F2F7C00F9E0CF /* Debug */ = {
			isa = XCBuildConfiguration;
			buildSettings = {
				ALWAYS_EMBED_SWIFT_STANDARD_LIBRARIES = YES;
				CODE_SIGN_STYLE = Automatic;
				DEVELOPMENT_TEAM = A2Q3FA8KGK;
				INFOPLIST_FILE = launchSwiftUITests/Info.plist;
				LD_RUNPATH_SEARCH_PATHS = (
					"$(inherited)",
					"@executable_path/Frameworks",
					"@loader_path/Frameworks",
				);
				PRODUCT_BUNDLE_IDENTIFIER = com.maizi.launchSwift.launchSwiftUITests;
				PRODUCT_NAME = "$(TARGET_NAME)";
				SWIFT_VERSION = 4.2;
				TARGETED_DEVICE_FAMILY = "1,2";
				TEST_TARGET_NAME = launchSwift;
			};
			name = Debug;
		};
		46EF15D4216F2F7C00F9E0CF /* Release */ = {
			isa = XCBuildConfiguration;
			buildSettings = {
				ALWAYS_EMBED_SWIFT_STANDARD_LIBRARIES = YES;
				CODE_SIGN_STYLE = Automatic;
				DEVELOPMENT_TEAM = A2Q3FA8KGK;
				INFOPLIST_FILE = launchSwiftUITests/Info.plist;
				LD_RUNPATH_SEARCH_PATHS = (
					"$(inherited)",
					"@executable_path/Frameworks",
					"@loader_path/Frameworks",
				);
				PRODUCT_BUNDLE_IDENTIFIER = com.maizi.launchSwift.launchSwiftUITests;
				PRODUCT_NAME = "$(TARGET_NAME)";
				SWIFT_VERSION = 4.2;
				TARGETED_DEVICE_FAMILY = "1,2";
				TEST_TARGET_NAME = launchSwift;
			};
			name = Release;
		};
/* End XCBuildConfiguration section */

/* Begin XCConfigurationList section */
		46EF159C216F2F7B00F9E0CF /* Build configuration list for PBXProject "launchSwift" */ = {
			isa = XCConfigurationList;
			buildConfigurations = (
				46EF15CA216F2F7C00F9E0CF /* Debug */,
				46EF15CB216F2F7C00F9E0CF /* Release */,
			);
			defaultConfigurationIsVisible = 0;
			defaultConfigurationName = Release;
		};
		46EF15CC216F2F7C00F9E0CF /* Build configuration list for PBXNativeTarget "launchSwift" */ = {
			isa = XCConfigurationList;
			buildConfigurations = (
				46EF15CD216F2F7C00F9E0CF /* Debug */,
				46EF15CE216F2F7C00F9E0CF /* Release */,
			);
			defaultConfigurationIsVisible = 0;
			defaultConfigurationName = Release;
		};
		46EF15CF216F2F7C00F9E0CF /* Build configuration list for PBXNativeTarget "launchSwiftTests" */ = {
			isa = XCConfigurationList;
			buildConfigurations = (
				46EF15D0216F2F7C00F9E0CF /* Debug */,
				46EF15D1216F2F7C00F9E0CF /* Release */,
			);
			defaultConfigurationIsVisible = 0;
			defaultConfigurationName = Release;
		};
		46EF15D2216F2F7C00F9E0CF /* Build configuration list for PBXNativeTarget "launchSwiftUITests" */ = {
			isa = XCConfigurationList;
			buildConfigurations = (
				46EF15D3216F2F7C00F9E0CF /* Debug */,
				46EF15D4216F2F7C00F9E0CF /* Release */,
			);
			defaultConfigurationIsVisible = 0;
			defaultConfigurationName = Release;
		};
/* End XCConfigurationList section */

/* Begin XCVersionGroup section */
		46EF15AB216F2F7B00F9E0CF /* launchSwift.xcdatamodeld */ = {
			isa = XCVersionGroup;
			children = (
				46EF15AC216F2F7B00F9E0CF /* launchSwift.xcdatamodel */,
			);
			currentVersion = 46EF15AC216F2F7B00F9E0CF /* launchSwift.xcdatamodel */;
			path = launchSwift.xcdatamodeld;
			sourceTree = "<group>";
			versionGroupType = wrapper.xcdatamodel;
		};
/* End XCVersionGroup section */
	};
	rootObject = 46EF1599216F2F7B00F9E0CF /* Project object */;
}
